
Microsoft Visual Studio Solution File, Format Version 12.00
# Visual Studio Version 16
VisualStudioVersion = 16.0.30011.22
MinimumVisualStudioVersion = 10.0.40219.1
Project("{9A19103F-16F7-4668-BE54-9A1E7A4F7556}") = "AutoUpdateTestWorkerApp", "AutoUpdateTestWorkerApp\AutoUpdateTestWorkerApp.csproj", "{AF1176CD-0A97-48F9-982F-FB9229D028B0}"
EndProject
Project("{9A19103F-16F7-4668-BE54-9A1E7A4F7556}") = "Common", "Common\Common.csproj", "{42291F88-0F70-4E62-B82B-2D26958BD8D5}"
EndProject
Project("{9A19103F-16F7-4668-BE54-9A1E7A4F7556}") = "Updater", "Updater\Updater.csproj", "{88F6002F-A52C-4D5B-87BD-D611607FFA67}"
EndProject
Project("{9A19103F-16F7-4668-BE54-9A1E7A4F7556}") = "UpdaterProcess", "UpdaterProcess\UpdaterProcess.csproj", "{D24F25E9-330F-4970-8BC3-736D9DC70031}"
EndProject
Project("{9A19103F-16F7-4668-BE54-9A1E7A4F7556}") = "ServiceManager", "ServiceManager\ServiceManager.csproj", "{73E0E74E-327D-4713-BAFB-483EAA3A8965}"
EndProject
Global
	GlobalSection(SolutionConfigurationPlatforms) = preSolution
		Debug|Any CPU = Debug|Any CPU
		Release|Any CPU = Release|Any CPU
	EndGlobalSection
	GlobalSection(ProjectConfigurationPlatforms) = postSolution
		{AF1176CD-0A97-48F9-982F-FB9229D028B0}.Debug|Any CPU.ActiveCfg = Debug|Any CPU
		{AF1176CD-0A97-48F9-982F-FB9229D028B0}.Debug|Any CPU.Build.0 = Debug|Any CPU
		{AF1176CD-0A97-48F9-982F-FB9229D028B0}.Release|Any CPU.ActiveCfg = Release|Any CPU
		{AF1176CD-0A97-48F9-982F-FB9229D028B0}.Release|Any CPU.Build.0 = Release|Any CPU
		{42291F88-0F70-4E62-B82B-2D26958BD8D5}.Debug|Any CPU.ActiveCfg = Debug|Any CPU
		{42291F88-0F70-4E62-B82B-2D26958BD8D5}.Debug|Any CPU.Build.0 = Debug|Any CPU
		{42291F88-0F70-4E62-B82B-2D26958BD8D5}.Release|Any CPU.ActiveCfg = Release|Any CPU
		{42291F88-0F70-4E62-B82B-2D26958BD8D5}.Release|Any CPU.Build.0 = Release|Any CPU
		{88F6002F-A52C-4D5B-87BD-D611607FFA67}.Debug|Any CPU.ActiveCfg = Debug|Any CPU
		{88F6002F-A52C-4D5B-87BD-D611607FFA67}.Debug|Any CPU.Build.0 = Debug|Any CPU
		{88F6002F-A52C-4D5B-87BD-D611607FFA67}.Release|Any CPU.ActiveCfg = Release|Any CPU
		{88F6002F-A52C-4D5B-87BD-D611607FFA67}.Release|Any CPU.Build.0 = Release|Any CPU
		{D24F25E9-330F-4970-8BC3-736D9DC70031}.Debug|Any CPU.ActiveCfg = Debug|Any CPU
		{D24F25E9-330F-4970-8BC3-736D9DC70031}.Debug|Any CPU.Build.0 = Debug|Any CPU
		{D24F25E9-330F-4970-8BC3-736D9DC70031}.Release|Any CPU.ActiveCfg = Release|Any CPU
		{D24F25E9-330F-4970-8BC3-736D9DC70031}.Release|Any CPU.Build.0 = Release|Any CPU
		{73E0E74E-327D-4713-BAFB-483EAA3A8965}.Debug|Any CPU.ActiveCfg = Debug|Any CPU
		{73E0E74E-327D-4713-BAFB-483EAA3A8965}.Debug|Any CPU.Build.0 = Debug|Any CPU
		{73E0E74E-327D-4713-BAFB-483EAA3A8965}.Release|Any CPU.ActiveCfg = Release|Any CPU
		{73E0E74E-327D-4713-BAFB-483EAA3A8965}.Release|Any CPU.Build.0 = Release|Any CPU
	EndGlobalSection
	GlobalSection(SolutionProperties) = preSolution
		HideSolutionNode = FALSE
	EndGlobalSection
	GlobalSection(ExtensibilityGlobals) = postSolution
		SolutionGuid = {B78A0306-7815-4600-8A79-C6826CA7F770}
	EndGlobalSection
EndGlobal
